
Microsoft Visual Studio Solution File, Format Version 12.00
# Visual Studio 15
VisualStudioVersion = 15.0.26430.4
MinimumVisualStudioVersion = 10.0.40219.1
Project("{FAE04EC0-301F-11D3-BF4B-00C04F79EFBC}") = "TaskWait", "TaskWait\TaskWait.csproj", "{FAF93BB1-A44F-416D-B9FD-EB1DCAF9282D}"
EndProject
Global
	GlobalSection(SolutionConfigurationPlatforms) = preSolution
		Debug|Any CPU = Debug|Any CPU
		Release|Any CPU = Release|Any CPU
	EndGlobalSection
	GlobalSection(ProjectConfigurationPlatforms) = postSolution
		{FAF93BB1-A44F-416D-B9FD-EB1DCAF9282D}.Debug|Any CPU.ActiveCfg = Debug|Any CPU
		{FAF93BB1-A44F-416D-B9FD-EB1DCAF9282D}.Debug|Any CPU.Build.0 = Debug|Any CPU
		{FAF93BB1-A44F-416D-B9FD-EB1DCAF9282D}.Release|Any CPU.ActiveCfg = Release|Any CPU
		{FAF93BB1-A44F-416D-B9FD-EB1DCAF9282D}.Release|Any CPU.Build.0 = Release|Any CPU
	EndGlobalSection
	GlobalSection(SolutionProperties) = preSolution
		HideSolutionNode = FALSE
	EndGlobalSection
EndGlobal
